
Microsoft Visual Studio Solution File, Format Version 12.00
# Visual Studio Version 17
VisualStudioVersion = 17.8.34511.84
MinimumVisualStudioVersion = 10.0.40219.1
Project("{FAE04EC0-301F-11D3-BF4B-00C04F79EFBC}") = "Listas e Loops", "Listas e Loops\Listas e Loops.csproj", "{D38D3DDC-C146-4E73-998D-A42252A93CA9}"
EndProject
Global
	GlobalSection(SolutionConfigurationPlatforms) = preSolution
		Debug|Any CPU = Debug|Any CPU
		Release|Any CPU = Release|Any CPU
	EndGlobalSection
	GlobalSection(ProjectConfigurationPlatforms) = postSolution
		{D38D3DDC-C146-4E73-998D-A42252A93CA9}.Debug|Any CPU.ActiveCfg = Debug|Any CPU
		{D38D3DDC-C146-4E73-998D-A42252A93CA9}.Debug|Any CPU.Build.0 = Debug|Any CPU
		{D38D3DDC-C146-4E73-998D-A42252A93CA9}.Release|Any CPU.ActiveCfg = Release|Any CPU
		{D38D3DDC-C146-4E73-998D-A42252A93CA9}.Release|Any CPU.Build.0 = Release|Any CPU
	EndGlobalSection
	GlobalSection(SolutionProperties) = preSolution
		HideSolutionNode = FALSE
	EndGlobalSection
	GlobalSection(ExtensibilityGlobals) = postSolution
		SolutionGuid = {14C38CCD-B9EF-4AE7-9CC2-67CE07CB05EB}
	EndGlobalSection
EndGlobal
