
Microsoft Visual Studio Solution File, Format Version 12.00
# Visual Studio Version 17
VisualStudioVersion = 17.8.34511.84
MinimumVisualStudioVersion = 10.0.40219.1
Project("{FAE04EC0-301F-11D3-BF4B-00C04F79EFBC}") = "Desafio", "Desafio\Desafio.csproj", "{AA12575C-5F97-41BA-AAAF-D771DA4799CF}"
EndProject
Global
	GlobalSection(SolutionConfigurationPlatforms) = preSolution
		Debug|Any CPU = Debug|Any CPU
		Release|Any CPU = Release|Any CPU
	EndGlobalSection
	GlobalSection(ProjectConfigurationPlatforms) = postSolution
		{AA12575C-5F97-41BA-AAAF-D771DA4799CF}.Debug|Any CPU.ActiveCfg = Debug|Any CPU
		{AA12575C-5F97-41BA-AAAF-D771DA4799CF}.Debug|Any CPU.Build.0 = Debug|Any CPU
		{AA12575C-5F97-41BA-AAAF-D771DA4799CF}.Release|Any CPU.ActiveCfg = Release|Any CPU
		{AA12575C-5F97-41BA-AAAF-D771DA4799CF}.Release|Any CPU.Build.0 = Release|Any CPU
	EndGlobalSection
	GlobalSection(SolutionProperties) = preSolution
		HideSolutionNode = FALSE
	EndGlobalSection
	GlobalSection(ExtensibilityGlobals) = postSolution
		SolutionGuid = {F270E5A2-3EEC-405C-8488-054112587D27}
	EndGlobalSection
EndGlobal
