
Microsoft Visual Studio Solution File, Format Version 12.00
# Visual Studio Version 17
VisualStudioVersion = 17.8.34511.84
MinimumVisualStudioVersion = 10.0.40219.1
Project("{FAE04EC0-301F-11D3-BF4B-00C04F79EFBC}") = "Orientacao a Objeto", "Orientacao a Objeto\Orientacao a Objeto.csproj", "{266D2530-8F8C-4D52-9B64-31BBEC4AF293}"
EndProject
Global
	GlobalSection(SolutionConfigurationPlatforms) = preSolution
		Debug|Any CPU = Debug|Any CPU
		Release|Any CPU = Release|Any CPU
	EndGlobalSection
	GlobalSection(ProjectConfigurationPlatforms) = postSolution
		{266D2530-8F8C-4D52-9B64-31BBEC4AF293}.Debug|Any CPU.ActiveCfg = Debug|Any CPU
		{266D2530-8F8C-4D52-9B64-31BBEC4AF293}.Debug|Any CPU.Build.0 = Debug|Any CPU
		{266D2530-8F8C-4D52-9B64-31BBEC4AF293}.Release|Any CPU.ActiveCfg = Release|Any CPU
		{266D2530-8F8C-4D52-9B64-31BBEC4AF293}.Release|Any CPU.Build.0 = Release|Any CPU
	EndGlobalSection
	GlobalSection(SolutionProperties) = preSolution
		HideSolutionNode = FALSE
	EndGlobalSection
	GlobalSection(ExtensibilityGlobals) = postSolution
		SolutionGuid = {D16865E7-9CCE-4CE7-92DD-F93C0EC8C929}
	EndGlobalSection
EndGlobal
